
Microsoft Visual Studio Solution File, Format Version 12.00
# Visual Studio Version 17
VisualStudioVersion = 17.11.35303.130
MinimumVisualStudioVersion = 10.0.40219.1
Project("{9A19103F-16F7-4668-BE54-9A1E7A4F7556}") = "UserService", "UserService\UserService.csproj", "{449FE3D3-E270-4F34-90E7-C148A150656F}"
EndProject
Project("{9A19103F-16F7-4668-BE54-9A1E7A4F7556}") = "OrderService", "OrderService\OrderService.csproj", "{737FFCA8-1A12-46B3-B6BF-9258B25E7D4E}"
EndProject
Project("{9A19103F-16F7-4668-BE54-9A1E7A4F7556}") = "MenuService", "MenuService\MenuService.csproj", "{5D6D7839-953E-46E9-A366-DAA090CCE208}"
	ProjectSection(ProjectDependencies) = postProject
		{3CB3F780-C304-4731-82FB-76F5BC8433AB} = {3CB3F780-C304-4731-82FB-76F5BC8433AB}
	EndProjectSection
EndProject
Project("{9A19103F-16F7-4668-BE54-9A1E7A4F7556}") = "PaymentService", "PaymentService\PaymentService.csproj", "{9BDEE89D-F185-41C2-8BDF-D9845A0587E7}"
EndProject
Project("{9A19103F-16F7-4668-BE54-9A1E7A4F7556}") = "WebApp", "WebApp\WebApp.csproj", "{1786407E-DC23-4AE5-B4AB-B5F9B3981575}"
EndProject
Project("{2150E333-8FDC-42A3-9474-1A3956D46DE8}") = "Solution Items", "Solution Items", "{7CACF837-63CF-400F-B1A1-E5918A7E2179}"
	ProjectSection(SolutionItems) = preProject
		README.md = README.md
	EndProjectSection
EndProject
Project("{9A19103F-16F7-4668-BE54-9A1E7A4F7556}") = "ReviewService", "ReviewService\ReviewService.csproj", "{EEE72AE5-4C26-4091-97DA-315B6E7EF543}"
EndProject
Project("{9A19103F-16F7-4668-BE54-9A1E7A4F7556}") = "RestaurantManagement.SharedLibrary", "RestaurantManagement.SharedLibrary\RestaurantManagement.SharedLibrary.csproj", "{3CB3F780-C304-4731-82FB-76F5BC8433AB}"
EndProject
Project("{9A19103F-16F7-4668-BE54-9A1E7A4F7556}") = "APIGateway", "APIGateway\APIGateway.csproj", "{05389AD6-688B-497F-B50E-A4EAC6E929D5}"
EndProject
Project("{FAE04EC0-301F-11D3-BF4B-00C04F79EFBC}") = "RestaurantOperationsService", "RestaurantOperationsService\RestaurantOperationsService.csproj", "{6B4E671B-E049-4959-BA39-D04898269E93}"
EndProject
Global
	GlobalSection(SolutionConfigurationPlatforms) = preSolution
		Debug|Any CPU = Debug|Any CPU
		Release|Any CPU = Release|Any CPU
	EndGlobalSection
	GlobalSection(ProjectConfigurationPlatforms) = postSolution
		{449FE3D3-E270-4F34-90E7-C148A150656F}.Debug|Any CPU.ActiveCfg = Debug|Any CPU
		{449FE3D3-E270-4F34-90E7-C148A150656F}.Debug|Any CPU.Build.0 = Debug|Any CPU
		{449FE3D3-E270-4F34-90E7-C148A150656F}.Release|Any CPU.ActiveCfg = Release|Any CPU
		{449FE3D3-E270-4F34-90E7-C148A150656F}.Release|Any CPU.Build.0 = Release|Any CPU
		{737FFCA8-1A12-46B3-B6BF-9258B25E7D4E}.Debug|Any CPU.ActiveCfg = Debug|Any CPU
		{737FFCA8-1A12-46B3-B6BF-9258B25E7D4E}.Debug|Any CPU.Build.0 = Debug|Any CPU
		{737FFCA8-1A12-46B3-B6BF-9258B25E7D4E}.Release|Any CPU.ActiveCfg = Release|Any CPU
		{737FFCA8-1A12-46B3-B6BF-9258B25E7D4E}.Release|Any CPU.Build.0 = Release|Any CPU
		{5D6D7839-953E-46E9-A366-DAA090CCE208}.Debug|Any CPU.ActiveCfg = Debug|Any CPU
		{5D6D7839-953E-46E9-A366-DAA090CCE208}.Debug|Any CPU.Build.0 = Debug|Any CPU
		{5D6D7839-953E-46E9-A366-DAA090CCE208}.Release|Any CPU.ActiveCfg = Release|Any CPU
		{5D6D7839-953E-46E9-A366-DAA090CCE208}.Release|Any CPU.Build.0 = Release|Any CPU
		{9BDEE89D-F185-41C2-8BDF-D9845A0587E7}.Debug|Any CPU.ActiveCfg = Debug|Any CPU
		{9BDEE89D-F185-41C2-8BDF-D9845A0587E7}.Debug|Any CPU.Build.0 = Debug|Any CPU
		{9BDEE89D-F185-41C2-8BDF-D9845A0587E7}.Release|Any CPU.ActiveCfg = Release|Any CPU
		{9BDEE89D-F185-41C2-8BDF-D9845A0587E7}.Release|Any CPU.Build.0 = Release|Any CPU
		{1786407E-DC23-4AE5-B4AB-B5F9B3981575}.Debug|Any CPU.ActiveCfg = Debug|Any CPU
		{1786407E-DC23-4AE5-B4AB-B5F9B3981575}.Debug|Any CPU.Build.0 = Debug|Any CPU
		{1786407E-DC23-4AE5-B4AB-B5F9B3981575}.Release|Any CPU.ActiveCfg = Release|Any CPU
		{1786407E-DC23-4AE5-B4AB-B5F9B3981575}.Release|Any CPU.Build.0 = Release|Any CPU
		{EEE72AE5-4C26-4091-97DA-315B6E7EF543}.Debug|Any CPU.ActiveCfg = Debug|Any CPU
		{EEE72AE5-4C26-4091-97DA-315B6E7EF543}.Debug|Any CPU.Build.0 = Debug|Any CPU
		{EEE72AE5-4C26-4091-97DA-315B6E7EF543}.Release|Any CPU.ActiveCfg = Release|Any CPU
		{EEE72AE5-4C26-4091-97DA-315B6E7EF543}.Release|Any CPU.Build.0 = Release|Any CPU
		{3CB3F780-C304-4731-82FB-76F5BC8433AB}.Debug|Any CPU.ActiveCfg = Debug|Any CPU
		{3CB3F780-C304-4731-82FB-76F5BC8433AB}.Debug|Any CPU.Build.0 = Debug|Any CPU
		{3CB3F780-C304-4731-82FB-76F5BC8433AB}.Release|Any CPU.ActiveCfg = Release|Any CPU
		{3CB3F780-C304-4731-82FB-76F5BC8433AB}.Release|Any CPU.Build.0 = Release|Any CPU
		{05389AD6-688B-497F-B50E-A4EAC6E929D5}.Debug|Any CPU.ActiveCfg = Debug|Any CPU
		{05389AD6-688B-497F-B50E-A4EAC6E929D5}.Debug|Any CPU.Build.0 = Debug|Any CPU
		{05389AD6-688B-497F-B50E-A4EAC6E929D5}.Release|Any CPU.ActiveCfg = Release|Any CPU
		{05389AD6-688B-497F-B50E-A4EAC6E929D5}.Release|Any CPU.Build.0 = Release|Any CPU
		{6B4E671B-E049-4959-BA39-D04898269E93}.Debug|Any CPU.ActiveCfg = Debug|Any CPU
		{6B4E671B-E049-4959-BA39-D04898269E93}.Debug|Any CPU.Build.0 = Debug|Any CPU
		{6B4E671B-E049-4959-BA39-D04898269E93}.Release|Any CPU.ActiveCfg = Release|Any CPU
		{6B4E671B-E049-4959-BA39-D04898269E93}.Release|Any CPU.Build.0 = Release|Any CPU
	EndGlobalSection
	GlobalSection(SolutionProperties) = preSolution
		HideSolutionNode = FALSE
	EndGlobalSection
	GlobalSection(ExtensibilityGlobals) = postSolution
		SolutionGuid = {0B836A6C-0338-4856-A7DA-4315A401A91E}
	EndGlobalSection
EndGlobal
